dependencies:
- name: postgresql
  repository: oci://registry-1.docker.io/bitnamicharts
  version: 12.6.4
- name: redis
  repository: oci://registry-1.docker.io/bitnamicharts
  version: 17.13.2
digest: sha256:226a34ab700520ac634cfceced1811540c03391646cfec721b28712d14c5c280
generated: "2024-09-16T17:20:46.973660547+02:00"
