PODS:
  - Capacitor (6.1.1):
    - CapacitorCordova
  - CapacitorApp (6.0.0):
    - Capacitor
  - CapacitorBrowser (6.0.1):
    - Capacitor
  - CapacitorCamera (6.0.1):
    - Capacitor
  - CapacitorCommunityFcm (5.0.3):
    - Capacitor
    - Firebase/Messaging
  - CapacitorCordova (6.1.1)
  - CapacitorDevice (6.0.0):
    - Capacitor
  - CapacitorFilesystem (6.0.0):
    - Capacitor
  - CapacitorHaptics (6.0.0):
    - Capacitor
  - CapacitorJitsiMeet (6.0.0):
    - Capacitor
    - JitsiMeetSDK (= 9.2.2)
  - CapacitorKeyboard (6.0.1):
    - Capacitor
  - CapacitorPreferences (6.0.1):
    - Capacitor
  - CapacitorPushNotifications (6.0.1):
    - Capacitor
  - CapacitorSplashScreen (6.0.1):
    - Capacitor
  - CapacitorStatusBar (6.0.0):
    - Capacitor
  - CapacitorVoiceRecorder (5.0.0):
    - Capacitor
  - CapawesomeCapacitorFilePicker (5.3.0):
    - Capacitor
  - Firebase/CoreOnly (10.29.0):
    - FirebaseCore (= 10.29.0)
  - Firebase/Messaging (10.29.0):
    - Firebase/CoreOnly
    - FirebaseMessaging (~> 10.29.0)
  - FirebaseCore (10.29.0):
    - FirebaseCoreInternal (~> 10.0)
    - GoogleUtilities/Environment (~> 7.12)
    - GoogleUtilities/Logger (~> 7.12)
  - FirebaseCoreInternal (10.29.0):
    - "GoogleUtilities/NSData+zlib (~> 7.8)"
  - FirebaseInstallations (10.29.0):
    - FirebaseCore (~> 10.0)
    - GoogleUtilities/Environment (~> 7.8)
    - GoogleUtilities/UserDefaults (~> 7.8)
    - PromisesObjC (~> 2.1)
  - FirebaseMessaging (10.29.0):
    - FirebaseCore (~> 10.0)
    - FirebaseInstallations (~> 10.0)
    - GoogleDataTransport (~> 9.3)
    - GoogleUtilities/AppDelegateSwizzler (~> 7.8)
    - GoogleUtilities/Environment (~> 7.8)
    - GoogleUtilities/Reachability (~> 7.8)
    - GoogleUtilities/UserDefaults (~> 7.8)
    - nanopb (< 2.30911.0, >= 2.30908.0)
  - Giphy (2.2.4):
    - libwebp
  - GoogleDataTransport (9.4.1):
    - GoogleUtilities/Environment (~> 7.7)
    - nanopb (< 2.30911.0, >= 2.30908.0)
    - PromisesObjC (< 3.0, >= 1.2)
  - GoogleUtilities/AppDelegateSwizzler (7.13.3):
    - GoogleUtilities/Environment
    - GoogleUtilities/Logger
    - GoogleUtilities/Network
    - GoogleUtilities/Privacy
  - GoogleUtilities/Environment (7.13.3):
    - GoogleUtilities/Privacy
    - PromisesObjC (< 3.0, >= 1.2)
  - GoogleUtilities/Logger (7.13.3):
    - GoogleUtilities/Environment
    - GoogleUtilities/Privacy
  - GoogleUtilities/Network (7.13.3):
    - GoogleUtilities/Logger
    - "GoogleUtilities/NSData+zlib"
    - GoogleUtilities/Privacy
    - GoogleUtilities/Reachability
  - "GoogleUtilities/NSData+zlib (7.13.3)":
    - GoogleUtilities/Privacy
  - GoogleUtilities/Privacy (7.13.3)
  - GoogleUtilities/Reachability (7.13.3):
    - GoogleUtilities/Logger
    - GoogleUtilities/Privacy
  - GoogleUtilities/UserDefaults (7.13.3):
    - GoogleUtilities/Logger
    - GoogleUtilities/Privacy
  - JitsiMeetSDK (9.2.2):
    - Giphy (= 2.2.4)
    - JitsiWebRTC (~> 118.0)
  - JitsiWebRTC (118.0.0)
  - libwebp (1.3.2):
    - libwebp/demux (= 1.3.2)
    - libwebp/mux (= 1.3.2)
    - libwebp/sharpyuv (= 1.3.2)
    - libwebp/webp (= 1.3.2)
  - libwebp/demux (1.3.2):
    - libwebp/webp
  - libwebp/mux (1.3.2):
    - libwebp/demux
  - libwebp/sharpyuv (1.3.2)
  - libwebp/webp (1.3.2):
    - libwebp/sharpyuv
  - nanopb (2.30910.0):
    - nanopb/decode (= 2.30910.0)
    - nanopb/encode (= 2.30910.0)
  - nanopb/decode (2.30910.0)
  - nanopb/encode (2.30910.0)
  - PromisesObjC (2.4.0)
  - Sentry/HybridSDK (8.8.0):
    - SentryPrivate (= 8.8.0)
  - SentryCapacitor (0.14.0):
    - Capacitor
    - Sentry/HybridSDK (= 8.8.0)
  - SentryPrivate (8.8.0)

DEPENDENCIES:
  - "Capacitor (from `../../node_modules/.pnpm/@capacitor+ios@6.1.1_@capacitor+core@6.1.0/node_modules/@capacitor/ios`)"
  - "CapacitorApp (from `../../node_modules/.pnpm/@capacitor+app@6.0.0_@capacitor+core@6.1.0/node_modules/@capacitor/app`)"
  - "CapacitorBrowser (from `../../node_modules/.pnpm/@capacitor+browser@6.0.1_@capacitor+core@6.1.0/node_modules/@capacitor/browser`)"
  - "CapacitorCamera (from `../../node_modules/.pnpm/@capacitor+camera@6.0.1_@capacitor+core@6.1.0/node_modules/@capacitor/camera`)"
  - "CapacitorCommunityFcm (from `../../node_modules/.pnpm/@capacitor-community+fcm@5.0.3_@capacitor+core@6.1.0/node_modules/@capacitor-community/fcm`)"
  - "CapacitorCordova (from `../../node_modules/.pnpm/@capacitor+ios@6.1.1_@capacitor+core@6.1.0/node_modules/@capacitor/ios`)"
  - "CapacitorDevice (from `../../node_modules/.pnpm/@capacitor+device@6.0.0_@capacitor+core@6.1.0/node_modules/@capacitor/device`)"
  - "CapacitorFilesystem (from `../../node_modules/.pnpm/@capacitor+filesystem@6.0.0_@capacitor+core@6.1.0/node_modules/@capacitor/filesystem`)"
  - "CapacitorHaptics (from `../../node_modules/.pnpm/@capacitor+haptics@6.0.0_@capacitor+core@6.1.0/node_modules/@capacitor/haptics`)"
  - "CapacitorJitsiMeet (from `../../node_modules/.pnpm/capacitor-jitsi-meet@6.0.0/node_modules/capacitor-jitsi-meet`)"
  - "CapacitorKeyboard (from `../../node_modules/.pnpm/@capacitor+keyboard@6.0.1_@capacitor+core@6.1.0/node_modules/@capacitor/keyboard`)"
  - "CapacitorPreferences (from `../../node_modules/.pnpm/@capacitor+preferences@6.0.1_@capacitor+core@6.1.0/node_modules/@capacitor/preferences`)"
  - "CapacitorPushNotifications (from `../../node_modules/.pnpm/@capacitor+push-notifications@6.0.1_@capacitor+core@6.1.0/node_modules/@capacitor/push-notifications`)"
  - "CapacitorSplashScreen (from `../../node_modules/.pnpm/@capacitor+splash-screen@6.0.1_@capacitor+core@6.1.0/node_modules/@capacitor/splash-screen`)"
  - "CapacitorStatusBar (from `../../node_modules/.pnpm/@capacitor+status-bar@6.0.0_@capacitor+core@6.1.0/node_modules/@capacitor/status-bar`)"
  - "CapacitorVoiceRecorder (from `../../node_modules/.pnpm/capacitor-voice-recorder@5.0.0_@capacitor+core@6.1.0/node_modules/capacitor-voice-recorder`)"
  - "CapawesomeCapacitorFilePicker (from `../../node_modules/.pnpm/@capawesome+capacitor-file-picker@5.3.0_@capacitor+core@6.1.0/node_modules/@capawesome/capacitor-file-picker`)"
  - "SentryCapacitor (from `../../node_modules/.pnpm/@sentry+capacitor@0.14.0_@capacitor+core@6.1.0_@sentry+react@7.73.0/node_modules/@sentry/capacitor`)"

SPEC REPOS:
  trunk:
    - Firebase
    - FirebaseCore
    - FirebaseCoreInternal
    - FirebaseInstallations
    - FirebaseMessaging
    - Giphy
    - GoogleDataTransport
    - GoogleUtilities
    - JitsiMeetSDK
    - JitsiWebRTC
    - libwebp
    - nanopb
    - PromisesObjC
    - Sentry
    - SentryPrivate

EXTERNAL SOURCES:
  Capacitor:
    :path: "../../node_modules/.pnpm/@capacitor+ios@6.1.1_@capacitor+core@6.1.0/node_modules/@capacitor/ios"
  CapacitorApp:
    :path: "../../node_modules/.pnpm/@capacitor+app@6.0.0_@capacitor+core@6.1.0/node_modules/@capacitor/app"
  CapacitorBrowser:
    :path: "../../node_modules/.pnpm/@capacitor+browser@6.0.1_@capacitor+core@6.1.0/node_modules/@capacitor/browser"
  CapacitorCamera:
    :path: "../../node_modules/.pnpm/@capacitor+camera@6.0.1_@capacitor+core@6.1.0/node_modules/@capacitor/camera"
  CapacitorCommunityFcm:
    :path: "../../node_modules/.pnpm/@capacitor-community+fcm@5.0.3_@capacitor+core@6.1.0/node_modules/@capacitor-community/fcm"
  CapacitorCordova:
    :path: "../../node_modules/.pnpm/@capacitor+ios@6.1.1_@capacitor+core@6.1.0/node_modules/@capacitor/ios"
  CapacitorDevice:
    :path: "../../node_modules/.pnpm/@capacitor+device@6.0.0_@capacitor+core@6.1.0/node_modules/@capacitor/device"
  CapacitorFilesystem:
    :path: "../../node_modules/.pnpm/@capacitor+filesystem@6.0.0_@capacitor+core@6.1.0/node_modules/@capacitor/filesystem"
  CapacitorHaptics:
    :path: "../../node_modules/.pnpm/@capacitor+haptics@6.0.0_@capacitor+core@6.1.0/node_modules/@capacitor/haptics"
  CapacitorJitsiMeet:
    :path: "../../node_modules/.pnpm/capacitor-jitsi-meet@6.0.0/node_modules/capacitor-jitsi-meet"
  CapacitorKeyboard:
    :path: "../../node_modules/.pnpm/@capacitor+keyboard@6.0.1_@capacitor+core@6.1.0/node_modules/@capacitor/keyboard"
  CapacitorPreferences:
    :path: "../../node_modules/.pnpm/@capacitor+preferences@6.0.1_@capacitor+core@6.1.0/node_modules/@capacitor/preferences"
  CapacitorPushNotifications:
    :path: "../../node_modules/.pnpm/@capacitor+push-notifications@6.0.1_@capacitor+core@6.1.0/node_modules/@capacitor/push-notifications"
  CapacitorSplashScreen:
    :path: "../../node_modules/.pnpm/@capacitor+splash-screen@6.0.1_@capacitor+core@6.1.0/node_modules/@capacitor/splash-screen"
  CapacitorStatusBar:
    :path: "../../node_modules/.pnpm/@capacitor+status-bar@6.0.0_@capacitor+core@6.1.0/node_modules/@capacitor/status-bar"
  CapacitorVoiceRecorder:
    :path: "../../node_modules/.pnpm/capacitor-voice-recorder@5.0.0_@capacitor+core@6.1.0/node_modules/capacitor-voice-recorder"
  CapawesomeCapacitorFilePicker:
    :path: "../../node_modules/.pnpm/@capawesome+capacitor-file-picker@5.3.0_@capacitor+core@6.1.0/node_modules/@capawesome/capacitor-file-picker"
  SentryCapacitor:
    :path: "../../node_modules/.pnpm/@sentry+capacitor@0.14.0_@capacitor+core@6.1.0_@sentry+react@7.73.0/node_modules/@sentry/capacitor"

SPEC CHECKSUMS:
  Capacitor: 8941aba4364ba9d1b22188569001f2ce45cc2b00
  CapacitorApp: 9d53aec7101f7b030a950c5bdc4df8612576b279
  CapacitorBrowser: 473c7fd70ddbe541608ff09ec1be14da0078279e
  CapacitorCamera: 3b77b3e8311b98220de65e63445c0e4d0b30ce3a
  CapacitorCommunityFcm: 3e42b0f0460c791aa5f2b142113db2e94dcbb797
  CapacitorCordova: 8f2cc8d8d3619c566e9418fe8772064a94266106
  CapacitorDevice: f8fd88f9edd1261c55a109f32015b09bbbfdc4a0
  CapacitorFilesystem: 60e59ba274c234a979e7a3be2552feaadcee4263
  CapacitorHaptics: 9ebc9363f0e9b8eb4295088a0b474530acf1859b
  CapacitorJitsiMeet: 7145d60b0b06f5b217068b979ec84f1cb31d2c8e
  CapacitorKeyboard: 5f32a712adf41e07a61caafb82cf29fb6d8ba123
  CapacitorPreferences: 72909b165bc7807103778ddbb86d5d8ce06abf71
  CapacitorPushNotifications: 293fabe42c7229756078e81f2d3a60394ba4e5d8
  CapacitorSplashScreen: 61645214e8f955ff2b80f16a6a3648960fe4c89f
  CapacitorStatusBar: 2e4369f99166125435641b1908d05f561eaba6f6
  CapacitorVoiceRecorder: 872ea857b497ce2c71afe3e4eb5de0a74290c0db
  CapawesomeCapacitorFilePicker: 41f486cb4a89c6a7c8a4f5d683dbf96658894182
  Firebase: cec914dab6fd7b1bd8ab56ea07ce4e03dd251c2d
  FirebaseCore: 30e9c1cbe3d38f5f5e75f48bfcea87d7c358ec16
  FirebaseCoreInternal: df84dd300b561c27d5571684f389bf60b0a5c934
  FirebaseInstallations: 913cf60d0400ebd5d6b63a28b290372ab44590dd
  FirebaseMessaging: 7b5d8033e183ab59eb5b852a53201559e976d366
  Giphy: 6b5f6986c8df4f71e01a8ef86595f426b3439fb5
  GoogleDataTransport: 6c09b596d841063d76d4288cc2d2f42cc36e1e2a
  GoogleUtilities: ea963c370a38a8069cc5f7ba4ca849a60b6d7d15
  JitsiMeetSDK: 20c6e5a09dafc3669d24cb7a1750cb0c51dc1180
  JitsiWebRTC: 3a41671ef65a51d7204323814b055a2690b921c7
  libwebp: 1786c9f4ff8a279e4dac1e8f385004d5fc253009
  nanopb: 438bc412db1928dac798aa6fd75726007be04262
  PromisesObjC: f5707f49cb48b9636751c5b2e7d227e43fba9f47
  Sentry: 927dfb29d18a14d924229a59cc2ad149f43349f2
  SentryCapacitor: 24d2fdc00e259b9cd9454a2331444ab6c41141be
  SentryPrivate: 4350d865f898224ab9fa02b37d6ee7fbb623f47e

PODFILE CHECKSUM: 7a5a06949ce0174c7736dbde821c2d4f9814e337

COCOAPODS: 1.15.2
