dependencies:
- name: postgresql
  repository: https://charts.bitnami.com/bitnami
  version: 13.2.3
- name: minio
  repository: https://charts.bitnami.com/bitnami
  version: 15.0.5
- name: mongodb
  repository: https://charts.bitnami.com/bitnami
  version: 16.4.5
- name: redis
  repository: https://charts.bitnami.com/bitnami
  version: 19.5.2
- name: jitsi-meet
  repository: https://jitsi-contrib.github.io/jitsi-helm/
  version: 1.3.8
- name: glitchtip
  repository: https://gitlab.com/api/v4/projects/16325141/packages/helm/stable
  version: 2.5.1
digest: sha256:1df2541b81f9c2958801cafef4e9e1aa9723f181da3a36d3593d55acc85bc3b1
generated: "2025-03-03T15:51:12.803819277+01:00"
