dependencies:
- name: postgresql
  repository: oci://registry-1.docker.io/bitnamicharts
  version: 13.2.3
- name: minio
  repository: oci://registry-1.docker.io/bitnamicharts
  version: 12.8.11
- name: jitsi-meet
  repository: https://jitsi-contrib.github.io/jitsi-helm/
  version: 1.3.8
digest: sha256:d11e0e96f50fc3528af8076e1111e942fdc690c9ded2485d2621c17eb6c2fe1e
generated: "2024-06-18T17:29:56.294656+02:00"
